github.com/alex-ant/envs v0.0.0-20180605211528-ff120f8dc147 h1:6Q1U96qKJ6573Q9EOYH2q+RPrEFhJwtcvfVnDKTCHUE=
github.com/alex-ant/envs v0.0.0-20180605211528-ff120f8dc147/go.mod h1:Pbmxpml46UCuY7kyIZOxNw+fiwMrrmtZ2Iwl8wHSuGY=
github.com/mattn/go-runewidth v0.0.9 h1:Lm995f3rfxdpd6TSmuVCHVb/QhupuXlYr8sCI/QdE+0=
github.com/mattn/go-runewidth v0.0.9/go.mod h1:H031xJmbD/WCDINGzjvQ9THkh0rPKHF+m2gUSrubnMI=
github.com/olekukonko/tablewriter v0.0.5 h1:P2Ga83D34wi1o9J6Wh1mRuqd4mF/x/lgBS7N7AbDhec=
github.com/olekukonko/tablewriter v0.0.5/go.mod h1:hPp6KlRPjbx+hW8ykQs1w3UBbZlj6HuIJcUGPhkA7kY=
